
Microsoft Visual Studio Solution File, Format Version 12.00
# Visual Studio Version 16
VisualStudioVersion = 16.0.31624.102
MinimumVisualStudioVersion = 10.0.40219.1
Project("{888888A0-9F3D-457C-B088-3A5042F75D52}") = "Aceleradora Ágil - energéticos accelerator", "Aceleradora Ágil - energéticos accelerator\Aceleradora Ágil - energéticos accelerator.pyproj", "{148330D5-9919-4CB2-9213-F67586F0FA88}"
EndProject
Global
	GlobalSection(SolutionConfigurationPlatforms) = preSolution
		Debug|Any CPU = Debug|Any CPU
		Release|Any CPU = Release|Any CPU
	EndGlobalSection
	GlobalSection(ProjectConfigurationPlatforms) = postSolution
		{148330D5-9919-4CB2-9213-F67586F0FA88}.Debug|Any CPU.ActiveCfg = Debug|Any CPU
		{148330D5-9919-4CB2-9213-F67586F0FA88}.Release|Any CPU.ActiveCfg = Release|Any CPU
	EndGlobalSection
	GlobalSection(SolutionProperties) = preSolution
		HideSolutionNode = FALSE
	EndGlobalSection
	GlobalSection(ExtensibilityGlobals) = postSolution
		SolutionGuid = {A296BCB9-B331-43DD-B7F4-A19D97112F84}
	EndGlobalSection
EndGlobal
